// !$*UTF8*$!
{
	archiveVersion = 1;
	classes = {
	};
	objectVersion = 48;
	objects = {

/* Begin PBXBuildFile section */
		EBBD58491FE75C7B0017F053 /* librpc.h in Headers */ = {isa = PBXBuildFile; fileRef = EBBD58481FE75C7B0017F053 /* librpc.h */; };
		EBBD584B1FE75C7B0017F053 /* librpc.m in Sources */ = {isa = PBXBuildFile; fileRef = EBBD584A1FE75C7B0017F053 /* librpc.m */; };
		EBBD58871FE8ACC40017F053 /* main.m in Sources */ = {isa = PBXBuildFile; fileRef = EBBD58861FE8ACC40017F053 /* main.m */; };
		EBBD588E1FE8AE1A0017F053 /* liblibrpc.dylib in Frameworks */ = {isa = PBXBuildFile; fileRef = EBBD58451FE75C7B0017F053 /* liblibrpc.dylib */; };
		EBBD58961FE8BC120017F053 /* main.swift in Sources */ = {isa = PBXBuildFile; fileRef = EBBD58951FE8BC120017F053 /* main.swift */; };
		EBBD589C1FE8BC310017F053 /* liblibrpc.dylib in Frameworks */ = {isa = PBXBuildFile; fileRef = EBBD58451FE75C7B0017F053 /* liblibrpc.dylib */; };
/* End PBXBuildFile section */

/* Begin PBXContainerItemProxy section */
		EBBD588B1FE8ADEE0017F053 /* PBXContainerItemProxy */ = {
			isa = PBXContainerItemProxy;
			containerPortal = EBBD583D1FE75C7B0017F053 /* Project object */;
			proxyType = 1;
			remoteGlobalIDString = EBBD58441FE75C7B0017F053;
			remoteInfo = librpc;
		};
		EBBD589A1FE8BC2D0017F053 /* PBXContainerItemProxy */ = {
			isa = PBXContainerItemProxy;
			containerPortal = EBBD583D1FE75C7B0017F053 /* Project object */;
			proxyType = 1;
			remoteGlobalIDString = EBBD58441FE75C7B0017F053;
			remoteInfo = librpc;
		};
/* End PBXContainerItemProxy section */

/* Begin PBXCopyFilesBuildPhase section */
		EBBD58821FE8ACC40017F053 /* CopyFiles */ = {
			isa = PBXCopyFilesBuildPhase;
			buildActionMask = 2147483647;
			dstPath = /usr/share/man/man1/;
			dstSubfolderSpec = 0;
			files = (
			);
			runOnlyForDeploymentPostprocessing = 1;
		};
		EBBD58911FE8BC120017F053 /* Copy Files */ = {
			isa = PBXCopyFilesBuildPhase;
			buildActionMask = 2147483647;
			dstPath = /usr/share/man/man1/;
			dstSubfolderSpec = 0;
			files = (
			);
			name = "Copy Files";
			runOnlyForDeploymentPostprocessing = 1;
		};
/* End PBXCopyFilesBuildPhase section */

/* Begin PBXFileReference section */
		EBBD58451FE75C7B0017F053 /* liblibrpc.dylib */ = {isa = PBXFileReference; explicitFileType = "compiled.mach-o.dylib"; includeInIndex = 0; path = liblibrpc.dylib; sourceTree = BUILT_PRODUCTS_DIR; };
		EBBD58481FE75C7B0017F053 /* librpc.h */ = {isa = PBXFileReference; lastKnownFileType = sourcecode.c.h; path = librpc.h; sourceTree = "<group>"; };
		EBBD584A1FE75C7B0017F053 /* librpc.m */ = {isa = PBXFileReference; lastKnownFileType = sourcecode.c.objc; path = librpc.m; sourceTree = "<group>"; };
		EBBD58841FE8ACC40017F053 /* example-client */ = {isa = PBXFileReference; explicitFileType = "compiled.mach-o.executable"; includeInIndex = 0; path = "example-client"; sourceTree = BUILT_PRODUCTS_DIR; };
		EBBD58861FE8ACC40017F053 /* main.m */ = {isa = PBXFileReference; lastKnownFileType = sourcecode.c.objc; path = main.m; sourceTree = "<group>"; };
		EBBD58931FE8BC120017F053 /* example-swift */ = {isa = PBXFileReference; explicitFileType = "compiled.mach-o.executable"; includeInIndex = 0; path = "example-swift"; sourceTree = BUILT_PRODUCTS_DIR; };
		EBBD58951FE8BC120017F053 /* main.swift */ = {isa = PBXFileReference; lastKnownFileType = sourcecode.swift; path = main.swift; sourceTree = "<group>"; };
		EBBD589D1FE8BCD20017F053 /* bridge.h */ = {isa = PBXFileReference; lastKnownFileType = sourcecode.c.h; path = bridge.h; sourceTree = "<group>"; };
/* End PBXFileReference section */

/* Begin PBXFrameworksBuildPhase section */
		EBBD58421FE75C7B0017F053 /* Frameworks */ = {
			isa = PBXFrameworksBuildPhase;
			buildActionMask = 2147483647;
			files = (
			);
			runOnlyForDeploymentPostprocessing = 0;
		};
		EBBD58811FE8ACC40017F053 /* Frameworks */ = {
			isa = PBXFrameworksBuildPhase;
			buildActionMask = 2147483647;
			files = (
				EBBD588E1FE8AE1A0017F053 /* liblibrpc.dylib in Frameworks */,
			);
			runOnlyForDeploymentPostprocessing = 0;
		};
		EBBD58901FE8BC120017F053 /* Frameworks */ = {
			isa = PBXFrameworksBuildPhase;
			buildActionMask = 2147483647;
			files = (
				EBBD589C1FE8BC310017F053 /* liblibrpc.dylib in Frameworks */,
			);
			runOnlyForDeploymentPostprocessing = 0;
		};
/* End PBXFrameworksBuildPhase section */

/* Begin PBXGroup section */
		EBBD583C1FE75C7B0017F053 = {
			isa = PBXGroup;
			children = (
				EBBD58471FE75C7B0017F053 /* librpc */,
				EBBD58851FE8ACC40017F053 /* example-client */,
				EBBD58941FE8BC120017F053 /* example-swift */,
				EBBD58461FE75C7B0017F053 /* Products */,
				EBBD588D1FE8AE1A0017F053 /* Frameworks */,
			);
			sourceTree = "<group>";
		};
		EBBD58461FE75C7B0017F053 /* Products */ = {
			isa = PBXGroup;
			children = (
				EBBD58451FE75C7B0017F053 /* liblibrpc.dylib */,
				EBBD58841FE8ACC40017F053 /* example-client */,
				EBBD58931FE8BC120017F053 /* example-swift */,
			);
			name = Products;
			sourceTree = "<group>";
		};
		EBBD58471FE75C7B0017F053 /* librpc */ = {
			isa = PBXGroup;
			children = (
				EBBD58481FE75C7B0017F053 /* librpc.h */,
				EBBD584A1FE75C7B0017F053 /* librpc.m */,
			);
			path = librpc;
			sourceTree = "<group>";
		};
		EBBD58851FE8ACC40017F053 /* example-client */ = {
			isa = PBXGroup;
			children = (
				EBBD58861FE8ACC40017F053 /* main.m */,
			);
			path = "example-client";
			sourceTree = "<group>";
		};
		EBBD588D1FE8AE1A0017F053 /* Frameworks */ = {
			isa = PBXGroup;
			children = (
			);
			name = Frameworks;
			sourceTree = "<group>";
		};
		EBBD58941FE8BC120017F053 /* example-swift */ = {
			isa = PBXGroup;
			children = (
				EBBD589D1FE8BCD20017F053 /* bridge.h */,
				EBBD58951FE8BC120017F053 /* main.swift */,
			);
			path = "example-swift";
			sourceTree = "<group>";
		};
/* End PBXGroup section */

/* Begin PBXHeadersBuildPhase section */
		EBBD58431FE75C7B0017F053 /* Headers */ = {
			isa = PBXHeadersBuildPhase;
			buildActionMask = 2147483647;
			files = (
				EBBD58491FE75C7B0017F053 /* librpc.h in Headers */,
			);
			runOnlyForDeploymentPostprocessing = 0;
		};
/* End PBXHeadersBuildPhase section */

/* Begin PBXNativeTarget section */
		EBBD58441FE75C7B0017F053 /* librpc */ = {
			isa = PBXNativeTarget;
			buildConfigurationList = EBBD584E1FE75C7B0017F053 /* Build configuration list for PBXNativeTarget "librpc" */;
			buildPhases = (
				EBBD58411FE75C7B0017F053 /* Sources */,
				EBBD58421FE75C7B0017F053 /* Frameworks */,
				EBBD58431FE75C7B0017F053 /* Headers */,
				4CC886302022646F0095E172 /* ShellScript */,
			);
			buildRules = (
			);
			dependencies = (
			);
			name = librpc;
			productName = librpc;
			productReference = EBBD58451FE75C7B0017F053 /* liblibrpc.dylib */;
			productType = "com.apple.product-type.library.dynamic";
		};
		EBBD58831FE8ACC40017F053 /* example-client */ = {
			isa = PBXNativeTarget;
			buildConfigurationList = EBBD58881FE8ACC40017F053 /* Build configuration list for PBXNativeTarget "example-client" */;
			buildPhases = (
				EBBD58801FE8ACC40017F053 /* Sources */,
				EBBD58811FE8ACC40017F053 /* Frameworks */,
				EBBD58821FE8ACC40017F053 /* CopyFiles */,
			);
			buildRules = (
			);
			dependencies = (
				EBBD588C1FE8ADEE0017F053 /* PBXTargetDependency */,
			);
			name = "example-client";
			productName = "example-client";
			productReference = EBBD58841FE8ACC40017F053 /* example-client */;
			productType = "com.apple.product-type.tool";
		};
		EBBD58921FE8BC120017F053 /* example-swift */ = {
			isa = PBXNativeTarget;
			buildConfigurationList = EBBD58971FE8BC120017F053 /* Build configuration list for PBXNativeTarget "example-swift" */;
			buildPhases = (
				EBBD588F1FE8BC120017F053 /* Sources */,
				EBBD58901FE8BC120017F053 /* Frameworks */,
				EBBD58911FE8BC120017F053 /* Copy Files */,
			);
			buildRules = (
			);
			dependencies = (
				EBBD589B1FE8BC2D0017F053 /* PBXTargetDependency */,
			);
			name = "example-swift";
			productName = "example-swift";
			productReference = EBBD58931FE8BC120017F053 /* example-swift */;
			productType = "com.apple.product-type.tool";
		};
/* End PBXNativeTarget section */

/* Begin PBXProject section */
		EBBD583D1FE75C7B0017F053 /* Project object */ = {
			isa = PBXProject;
			attributes = {
				LastSwiftUpdateCheck = 0920;
				LastUpgradeCheck = 0920;
				ORGANIZATIONNAME = "Jakub Klama";
				TargetAttributes = {
					EBBD58441FE75C7B0017F053 = {
						CreatedOnToolsVersion = 9.2;
						LastSwiftMigration = 0920;
						ProvisioningStyle = Automatic;
					};
					EBBD58831FE8ACC40017F053 = {
						CreatedOnToolsVersion = 9.2;
						ProvisioningStyle = Automatic;
					};
					EBBD58921FE8BC120017F053 = {
						CreatedOnToolsVersion = 9.2;
						ProvisioningStyle = Automatic;
					};
				};
			};
			buildConfigurationList = EBBD58401FE75C7B0017F053 /* Build configuration list for PBXProject "librpc" */;
			compatibilityVersion = "Xcode 8.0";
			developmentRegion = en;
			hasScannedForEncodings = 0;
			knownRegions = (
				en,
			);
			mainGroup = EBBD583C1FE75C7B0017F053;
			productRefGroup = EBBD58461FE75C7B0017F053 /* Products */;
			projectDirPath = "";
			projectRoot = "";
			targets = (
				EBBD58441FE75C7B0017F053 /* librpc */,
				EBBD58831FE8ACC40017F053 /* example-client */,
				EBBD58921FE8BC120017F053 /* example-swift */,
			);
		};
/* End PBXProject section */

/* Begin PBXShellScriptBuildPhase section */
		4CC886302022646F0095E172 /* ShellScript */ = {
			isa = PBXShellScriptBuildPhase;
			buildActionMask = 2147483647;
			files = (
			);
			inputPaths = (
			);
			outputPaths = (
			);
			runOnlyForDeploymentPostprocessing = 0;
			shellPath = /bin/sh;
			shellScript = "";
		};
/* End PBXShellScriptBuildPhase section */

/* Begin PBXSourcesBuildPhase section */
		EBBD58411FE75C7B0017F053 /* Sources */ = {
			isa = PBXSourcesBuildPhase;
			buildActionMask = 2147483647;
			files = (
				EBBD584B1FE75C7B0017F053 /* librpc.m in Sources */,
			);
			runOnlyForDeploymentPostprocessing = 0;
		};
		EBBD58801FE8ACC40017F053 /* Sources */ = {
			isa = PBXSourcesBuildPhase;
			buildActionMask = 2147483647;
			files = (
				EBBD58871FE8ACC40017F053 /* main.m in Sources */,
			);
			runOnlyForDeploymentPostprocessing = 0;
		};
		EBBD588F1FE8BC120017F053 /* Sources */ = {
			isa = PBXSourcesBuildPhase;
			buildActionMask = 2147483647;
			files = (
				EBBD58961FE8BC120017F053 /* main.swift in Sources */,
			);
			runOnlyForDeploymentPostprocessing = 0;
		};
/* End PBXSourcesBuildPhase section */

/* Begin PBXTargetDependency section */
		EBBD588C1FE8ADEE0017F053 /* PBXTargetDependency */ = {
			isa = PBXTargetDependency;
			target = EBBD58441FE75C7B0017F053 /* librpc */;
			targetProxy = EBBD588B1FE8ADEE0017F053 /* PBXContainerItemProxy */;
		};
		EBBD589B1FE8BC2D0017F053 /* PBXTargetDependency */ = {
			isa = PBXTargetDependency;
			target = EBBD58441FE75C7B0017F053 /* librpc */;
			targetProxy = EBBD589A1FE8BC2D0017F053 /* PBXContainerItemProxy */;
		};
/* End PBXTargetDependency section */

/* Begin XCBuildConfiguration section */
		EBBD584C1FE75C7B0017F053 /* Debug */ = {
			isa = XCBuildConfiguration;
			buildSettings = {
				ALWAYS_SEARCH_USER_PATHS = NO;
				CLANG_ANALYZER_NONNULL = YES;
				CLANG_ANALYZER_NUMBER_OBJECT_CONVERSION = YES_AGGRESSIVE;
				CLANG_CXX_LANGUAGE_STANDARD = "gnu++14";
				CLANG_CXX_LIBRARY = "libc++";
				CLANG_ENABLE_MODULES = YES;
				CLANG_ENABLE_OBJC_ARC = YES;
				CLANG_WARN_BLOCK_CAPTURE_AUTORELEASING = YES;
				CLANG_WARN_BOOL_CONVERSION = YES;
				CLANG_WARN_COMMA = YES;
				CLANG_WARN_CONSTANT_CONVERSION = YES;
				CLANG_WARN_DIRECT_OBJC_ISA_USAGE = YES_ERROR;
				CLANG_WARN_DOCUMENTATION_COMMENTS = YES;
				CLANG_WARN_EMPTY_BODY = YES;
				CLANG_WARN_ENUM_CONVERSION = YES;
				CLANG_WARN_INFINITE_RECURSION = YES;
				CLANG_WARN_INT_CONVERSION = YES;
				CLANG_WARN_NON_LITERAL_NULL_CONVERSION = YES;
				CLANG_WARN_OBJC_LITERAL_CONVERSION = YES;
				CLANG_WARN_OBJC_ROOT_CLASS = YES_ERROR;
				CLANG_WARN_RANGE_LOOP_ANALYSIS = YES;
				CLANG_WARN_STRICT_PROTOTYPES = YES;
				CLANG_WARN_SUSPICIOUS_MOVE = YES;
				CLANG_WARN_UNGUARDED_AVAILABILITY = YES_AGGRESSIVE;
				CLANG_WARN_UNREACHABLE_CODE = YES;
				CLANG_WARN__DUPLICATE_METHOD_MATCH = YES;
				CODE_SIGN_IDENTITY = "-";
				COPY_PHASE_STRIP = NO;
				DEBUG_INFORMATION_FORMAT = dwarf;
				ENABLE_STRICT_OBJC_MSGSEND = YES;
				ENABLE_TESTABILITY = YES;
				GCC_C_LANGUAGE_STANDARD = gnu11;
				GCC_DYNAMIC_NO_PIC = NO;
				GCC_NO_COMMON_BLOCKS = YES;
				GCC_OPTIMIZATION_LEVEL = 0;
				GCC_PREPROCESSOR_DEFINITIONS = (
					"DEBUG=1",
					"$(inherited)",
				);
				GCC_WARN_64_TO_32_BIT_CONVERSION = YES;
				GCC_WARN_ABOUT_RETURN_TYPE = YES_ERROR;
				GCC_WARN_UNDECLARED_SELECTOR = YES;
				GCC_WARN_UNINITIALIZED_AUTOS = YES_AGGRESSIVE;
				GCC_WARN_UNUSED_FUNCTION = YES;
				GCC_WARN_UNUSED_VARIABLE = YES;
				MACOSX_DEPLOYMENT_TARGET = 10.13;
				MTL_ENABLE_DEBUG_INFO = YES;
				ONLY_ACTIVE_ARCH = YES;
				SDKROOT = macosx;
			};
			name = Debug;
		};
		EBBD584D1FE75C7B0017F053 /* Release */ = {
			isa = XCBuildConfiguration;
			buildSettings = {
				ALWAYS_SEARCH_USER_PATHS = NO;
				CLANG_ANALYZER_NONNULL = YES;
				CLANG_ANALYZER_NUMBER_OBJECT_CONVERSION = YES_AGGRESSIVE;
				CLANG_CXX_LANGUAGE_STANDARD = "gnu++14";
				CLANG_CXX_LIBRARY = "libc++";
				CLANG_ENABLE_MODULES = YES;
				CLANG_ENABLE_OBJC_ARC = YES;
				CLANG_WARN_BLOCK_CAPTURE_AUTORELEASING = YES;
				CLANG_WARN_BOOL_CONVERSION = YES;
				CLANG_WARN_COMMA = YES;
				CLANG_WARN_CONSTANT_CONVERSION = YES;
				CLANG_WARN_DIRECT_OBJC_ISA_USAGE = YES_ERROR;
				CLANG_WARN_DOCUMENTATION_COMMENTS = YES;
				CLANG_WARN_EMPTY_BODY = YES;
				CLANG_WARN_ENUM_CONVERSION = YES;
				CLANG_WARN_INFINITE_RECURSION = YES;
				CLANG_WARN_INT_CONVERSION = YES;
				CLANG_WARN_NON_LITERAL_NULL_CONVERSION = YES;
				CLANG_WARN_OBJC_LITERAL_CONVERSION = YES;
				CLANG_WARN_OBJC_ROOT_CLASS = YES_ERROR;
				CLANG_WARN_RANGE_LOOP_ANALYSIS = YES;
				CLANG_WARN_STRICT_PROTOTYPES = YES;
				CLANG_WARN_SUSPICIOUS_MOVE = YES;
				CLANG_WARN_UNGUARDED_AVAILABILITY = YES_AGGRESSIVE;
				CLANG_WARN_UNREACHABLE_CODE = YES;
				CLANG_WARN__DUPLICATE_METHOD_MATCH = YES;
				CODE_SIGN_IDENTITY = "-";
				COPY_PHASE_STRIP = NO;
				DEBUG_INFORMATION_FORMAT = "dwarf-with-dsym";
				ENABLE_NS_ASSERTIONS = NO;
				ENABLE_STRICT_OBJC_MSGSEND = YES;
				GCC_C_LANGUAGE_STANDARD = gnu11;
				GCC_NO_COMMON_BLOCKS = YES;
				GCC_WARN_64_TO_32_BIT_CONVERSION = YES;
				GCC_WARN_ABOUT_RETURN_TYPE = YES_ERROR;
				GCC_WARN_UNDECLARED_SELECTOR = YES;
				GCC_WARN_UNINITIALIZED_AUTOS = YES_AGGRESSIVE;
				GCC_WARN_UNUSED_FUNCTION = YES;
				GCC_WARN_UNUSED_VARIABLE = YES;
				MACOSX_DEPLOYMENT_TARGET = 10.13;
				MTL_ENABLE_DEBUG_INFO = NO;
				SDKROOT = macosx;
			};
			name = Release;
		};
		EBBD584F1FE75C7B0017F053 /* Debug */ = {
			isa = XCBuildConfiguration;
			buildSettings = {
				ALWAYS_SEARCH_USER_PATHS = NO;
				CLANG_ENABLE_MODULES = YES;
				CODE_SIGN_STYLE = Automatic;
				DYLIB_COMPATIBILITY_VERSION = 1;
				DYLIB_CURRENT_VERSION = 1;
				EXECUTABLE_PREFIX = lib;
				HEADER_SEARCH_PATHS = (
					/usr/local/include,
					../../include,
				);
				LD_RUNPATH_SEARCH_PATHS = "$(inherited) @executable_path/../Frameworks @loader_path/../Frameworks";
				LIBRARY_SEARCH_PATHS = ../../build;
				OTHER_LDFLAGS = (
					"-L/usr/local/lib",
					"-lrpc",
				);
				PRODUCT_NAME = "$(TARGET_NAME)";
				SWIFT_OBJC_BRIDGING_HEADER = "librpc/librpc-Bridging-Header.h";
				SWIFT_OPTIMIZATION_LEVEL = "-Onone";
				SWIFT_VERSION = 3.0;
				USER_HEADER_SEARCH_PATHS = "";
			};
			name = Debug;
		};
		EBBD58501FE75C7B0017F053 /* Release */ = {
			isa = XCBuildConfiguration;
			buildSettings = {
				ALWAYS_SEARCH_USER_PATHS = NO;
				CLANG_ENABLE_MODULES = YES;
				CODE_SIGN_STYLE = Automatic;
				DYLIB_COMPATIBILITY_VERSION = 1;
				DYLIB_CURRENT_VERSION = 1;
				EXECUTABLE_PREFIX = lib;
				HEADER_SEARCH_PATHS = (
					/usr/local/include,
					../../include,
				);
				LD_RUNPATH_SEARCH_PATHS = "$(inherited) @executable_path/../Frameworks @loader_path/../Frameworks";
				LIBRARY_SEARCH_PATHS = ../../build;
				OTHER_LDFLAGS = (
					"-L/usr/local/lib",
					"-lrpc",
				);
				PRODUCT_NAME = "$(TARGET_NAME)";
				SWIFT_OBJC_BRIDGING_HEADER = "librpc/librpc-Bridging-Header.h";
				SWIFT_VERSION = 3.0;
				USER_HEADER_SEARCH_PATHS = "";
			};
			name = Release;
		};
		EBBD58891FE8ACC40017F053 /* Debug */ = {
			isa = XCBuildConfiguration;
			buildSettings = {
				CODE_SIGN_STYLE = Automatic;
				PRODUCT_NAME = "$(TARGET_NAME)";
			};
			name = Debug;
		};
		EBBD588A1FE8ACC40017F053 /* Release */ = {
			isa = XCBuildConfiguration;
			buildSettings = {
				CODE_SIGN_STYLE = Automatic;
				PRODUCT_NAME = "$(TARGET_NAME)";
			};
			name = Release;
		};
		EBBD58981FE8BC120017F053 /* Debug */ = {
			isa = XCBuildConfiguration;
			buildSettings = {
				CODE_SIGN_STYLE = Automatic;
				PRODUCT_NAME = "$(TARGET_NAME)";
				SWIFT_ACTIVE_COMPILATION_CONDITIONS = DEBUG;
				SWIFT_OBJC_BRIDGING_HEADER = "example-swift/bridge.h";
				SWIFT_OPTIMIZATION_LEVEL = "-Onone";
				SWIFT_VERSION = 4.0;
			};
			name = Debug;
		};
		EBBD58991FE8BC120017F053 /* Release */ = {
			isa = XCBuildConfiguration;
			buildSettings = {
				CODE_SIGN_STYLE = Automatic;
				PRODUCT_NAME = "$(TARGET_NAME)";
				SWIFT_OBJC_BRIDGING_HEADER = "example-swift/bridge.h";
				SWIFT_OPTIMIZATION_LEVEL = "-Owholemodule";
				SWIFT_VERSION = 4.0;
			};
			name = Release;
		};
/* End XCBuildConfiguration section */

/* Begin XCConfigurationList section */
		EBBD58401FE75C7B0017F053 /* Build configuration list for PBXProject "librpc" */ = {
			isa = XCConfigurationList;
			buildConfigurations = (
				EBBD584C1FE75C7B0017F053 /* Debug */,
				EBBD584D1FE75C7B0017F053 /* Release */,
			);
			defaultConfigurationIsVisible = 0;
			defaultConfigurationName = Release;
		};
		EBBD584E1FE75C7B0017F053 /* Build configuration list for PBXNativeTarget "librpc" */ = {
			isa = XCConfigurationList;
			buildConfigurations = (
				EBBD584F1FE75C7B0017F053 /* Debug */,
				EBBD58501FE75C7B0017F053 /* Release */,
			);
			defaultConfigurationIsVisible = 0;
			defaultConfigurationName = Release;
		};
		EBBD58881FE8ACC40017F053 /* Build configuration list for PBXNativeTarget "example-client" */ = {
			isa = XCConfigurationList;
			buildConfigurations = (
				EBBD58891FE8ACC40017F053 /* Debug */,
				EBBD588A1FE8ACC40017F053 /* Release */,
			);
			defaultConfigurationIsVisible = 0;
			defaultConfigurationName = Release;
		};
		EBBD58971FE8BC120017F053 /* Build configuration list for PBXNativeTarget "example-swift" */ = {
			isa = XCConfigurationList;
			buildConfigurations = (
				EBBD58981FE8BC120017F053 /* Debug */,
				EBBD58991FE8BC120017F053 /* Release */,
			);
			defaultConfigurationIsVisible = 0;
			defaultConfigurationName = Release;
		};
/* End XCConfigurationList section */
	};
	rootObject = EBBD583D1FE75C7B0017F053 /* Project object */;
}
